// !$*UTF8*$!
{
	archiveVersion = 1;
	classes = {
	};
	objectVersion = 50;
	objects = {

/* Begin PBXBuildFile section */
		1E2B064E24BF6003002B26AD /* AppDelegate.swift in Sources */ = {isa = PBXBuildFile; fileRef = 1E2B064D24BF6003002B26AD /* AppDelegate.swift */; };
		1E2B065024BF6003002B26AD /* SceneDelegate.swift in Sources */ = {isa = PBXBuildFile; fileRef = 1E2B064F24BF6003002B26AD /* SceneDelegate.swift */; };
		1E2B065324BF6003002B26AD /* notes.xcdatamodeld in Sources */ = {isa = PBXBuildFile; fileRef = 1E2B065124BF6003002B26AD /* notes.xcdatamodeld */; };
		1E2B065524BF6003002B26AD /* ContentView.swift in Sources */ = {isa = PBXBuildFile; fileRef = 1E2B065424BF6003002B26AD /* ContentView.swift */; };
		1E2B065724BF6004002B26AD /* Assets.xcassets in Resources */ = {isa = PBXBuildFile; fileRef = 1E2B065624BF6004002B26AD /* Assets.xcassets */; };
		1E2B065A24BF6004002B26AD /* Preview Assets.xcassets in Resources */ = {isa = PBXBuildFile; fileRef = 1E2B065924BF6004002B26AD /* Preview Assets.xcassets */; };
		1E2B065D24BF6004002B26AD /* LaunchScreen.storyboard in Resources */ = {isa = PBXBuildFile; fileRef = 1E2B065B24BF6004002B26AD /* LaunchScreen.storyboard */; };
		1E2B066524BF6C20002B26AD /* SettingsView.swift in Sources */ = {isa = PBXBuildFile; fileRef = 1E2B066424BF6C20002B26AD /* SettingsView.swift */; };
		1E2B066724BFCDE3002B26AD /* MultilineTextView.swift in Sources */ = {isa = PBXBuildFile; fileRef = 1E2B066624BFCDE3002B26AD /* MultilineTextView.swift */; };
		1E46293824C12831009484CB /* NoteView.swift in Sources */ = {isa = PBXBuildFile; fileRef = 1E46293724C12831009484CB /* NoteView.swift */; };
/* End PBXBuildFile section */

/* Begin PBXFileReference section */
		1E2B064A24BF6003002B26AD /* notes.app */ = {isa = PBXFileReference; explicitFileType = wrapper.application; includeInIndex = 0; path = notes.app; sourceTree = BUILT_PRODUCTS_DIR; };
		1E2B064D24BF6003002B26AD /* AppDelegate.swift */ = {isa = PBXFileReference; lastKnownFileType = sourcecode.swift; path = AppDelegate.swift; sourceTree = "<group>"; };
		1E2B064F24BF6003002B26AD /* SceneDelegate.swift */ = {isa = PBXFileReference; lastKnownFileType = sourcecode.swift; path = SceneDelegate.swift; sourceTree = "<group>"; };
		1E2B065224BF6003002B26AD /* notes.xcdatamodel */ = {isa = PBXFileReference; lastKnownFileType = wrapper.xcdatamodel; path = notes.xcdatamodel; sourceTree = "<group>"; };
		1E2B065424BF6003002B26AD /* ContentView.swift */ = {isa = PBXFileReference; lastKnownFileType = sourcecode.swift; path = ContentView.swift; sourceTree = "<group>"; };
		1E2B065624BF6004002B26AD /* Assets.xcassets */ = {isa = PBXFileReference; lastKnownFileType = folder.assetcatalog; path = Assets.xcassets; sourceTree = "<group>"; };
		1E2B065924BF6004002B26AD /* Preview Assets.xcassets */ = {isa = PBXFileReference; lastKnownFileType = folder.assetcatalog; path = "Preview Assets.xcassets"; sourceTree = "<group>"; };
		1E2B065C24BF6004002B26AD /* Base */ = {isa = PBXFileReference; lastKnownFileType = file.storyboard; name = Base; path = Base.lproj/LaunchScreen.storyboard; sourceTree = "<group>"; };
		1E2B065E24BF6004002B26AD /* Info.plist */ = {isa = PBXFileReference; lastKnownFileType = text.plist.xml; path = Info.plist; sourceTree = "<group>"; };
		1E2B066424BF6C20002B26AD /* SettingsView.swift */ = {isa = PBXFileReference; lastKnownFileType = sourcecode.swift; path = SettingsView.swift; sourceTree = "<group>"; };
		1E2B066624BFCDE3002B26AD /* MultilineTextView.swift */ = {isa = PBXFileReference; lastKnownFileType = sourcecode.swift; path = MultilineTextView.swift; sourceTree = "<group>"; };
		1E46293724C12831009484CB /* NoteView.swift */ = {isa = PBXFileReference; lastKnownFileType = sourcecode.swift; path = NoteView.swift; sourceTree = "<group>"; };
/* End PBXFileReference section */

/* Begin PBXFrameworksBuildPhase section */
		1E2B064724BF6003002B26AD /* Frameworks */ = {
			isa = PBXFrameworksBuildPhase;
			buildActionMask = 2147483647;
			files = (
			);
			runOnlyForDeploymentPostprocessing = 0;
		};
/* End PBXFrameworksBuildPhase section */

/* Begin PBXGroup section */
		1E2B064124BF6003002B26AD = {
			isa = PBXGroup;
			children = (
				1E2B064C24BF6003002B26AD /* notes */,
				1E2B064B24BF6003002B26AD /* Products */,
			);
			sourceTree = "<group>";
		};
		1E2B064B24BF6003002B26AD /* Products */ = {
			isa = PBXGroup;
			children = (
				1E2B064A24BF6003002B26AD /* notes.app */,
			);
			name = Products;
			sourceTree = "<group>";
		};
		1E2B064C24BF6003002B26AD /* notes */ = {
			isa = PBXGroup;
			children = (
				1E2B064D24BF6003002B26AD /* AppDelegate.swift */,
				1E2B064F24BF6003002B26AD /* SceneDelegate.swift */,
				1E2B065424BF6003002B26AD /* ContentView.swift */,
				1E2B066624BFCDE3002B26AD /* MultilineTextView.swift */,
				1E2B066424BF6C20002B26AD /* SettingsView.swift */,
				1E46293724C12831009484CB /* NoteView.swift */,
				1E2B065624BF6004002B26AD /* Assets.xcassets */,
				1E2B065B24BF6004002B26AD /* LaunchScreen.storyboard */,
				1E2B065E24BF6004002B26AD /* Info.plist */,
				1E2B065124BF6003002B26AD /* notes.xcdatamodeld */,
				1E2B065824BF6004002B26AD /* Preview Content */,
			);
			path = notes;
			sourceTree = "<group>";
		};
		1E2B065824BF6004002B26AD /* Preview Content */ = {
			isa = PBXGroup;
			children = (
				1E2B065924BF6004002B26AD /* Preview Assets.xcassets */,
			);
			path = "Preview Content";
			sourceTree = "<group>";
		};
/* End PBXGroup section */

/* Begin PBXNativeTarget section */
		1E2B064924BF6003002B26AD /* notes */ = {
			isa = PBXNativeTarget;
			buildConfigurationList = 1E2B066124BF6004002B26AD /* Build configuration list for PBXNativeTarget "notes" */;
			buildPhases = (
				1E2B064624BF6003002B26AD /* Sources */,
				1E2B064724BF6003002B26AD /* Frameworks */,
				1E2B064824BF6003002B26AD /* Resources */,
			);
			buildRules = (
			);
			dependencies = (
			);
			name = notes;
			productName = notes;
			productReference = 1E2B064A24BF6003002B26AD /* notes.app */;
			productType = "com.apple.product-type.application";
		};
/* End PBXNativeTarget section */

/* Begin PBXProject section */
		1E2B064224BF6003002B26AD /* Project object */ = {
			isa = PBXProject;
			attributes = {
				LastSwiftUpdateCheck = 1150;
				LastUpgradeCheck = 1150;
				ORGANIZATIONNAME = "David Rozmajzl";
				TargetAttributes = {
					1E2B064924BF6003002B26AD = {
						CreatedOnToolsVersion = 11.5;
					};
				};
			};
			buildConfigurationList = 1E2B064524BF6003002B26AD /* Build configuration list for PBXProject "notes" */;
			compatibilityVersion = "Xcode 9.3";
			developmentRegion = en;
			hasScannedForEncodings = 0;
			knownRegions = (
				en,
				Base,
			);
			mainGroup = 1E2B064124BF6003002B26AD;
			productRefGroup = 1E2B064B24BF6003002B26AD /* Products */;
			projectDirPath = "";
			projectRoot = "";
			targets = (
				1E2B064924BF6003002B26AD /* notes */,
			);
		};
/* End PBXProject section */

/* Begin PBXResourcesBuildPhase section */
		1E2B064824BF6003002B26AD /* Resources */ = {
			isa = PBXResourcesBuildPhase;
			buildActionMask = 2147483647;
			files = (
				1E2B065D24BF6004002B26AD /* LaunchScreen.storyboard in Resources */,
				1E2B065A24BF6004002B26AD /* Preview Assets.xcassets in Resources */,
				1E2B065724BF6004002B26AD /* Assets.xcassets in Resources */,
			);
			runOnlyForDeploymentPostprocessing = 0;
		};
/* End PBXResourcesBuildPhase section */

/* Begin PBXSourcesBuildPhase section */
		1E2B064624BF6003002B26AD /* Sources */ = {
			isa = PBXSourcesBuildPhase;
			buildActionMask = 2147483647;
			files = (
				1E2B066524BF6C20002B26AD /* SettingsView.swift in Sources */,
				1E2B066724BFCDE3002B26AD /* MultilineTextView.swift in Sources */,
				1E2B064E24BF6003002B26AD /* AppDelegate.swift in Sources */,
				1E2B065024BF6003002B26AD /* SceneDelegate.swift in Sources */,
				1E2B065524BF6003002B26AD /* ContentView.swift in Sources */,
				1E46293824C12831009484CB /* NoteView.swift in Sources */,
				1E2B065324BF6003002B26AD /* notes.xcdatamodeld in Sources */,
			);
			runOnlyForDeploymentPostprocessing = 0;
		};
/* End PBXSourcesBuildPhase section */

/* Begin PBXVariantGroup section */
		1E2B065B24BF6004002B26AD /* LaunchScreen.storyboard */ = {
			isa = PBXVariantGroup;
			children = (
				1E2B065C24BF6004002B26AD /* Base */,
			);
			name = LaunchScreen.storyboard;
			sourceTree = "<group>";
		};
/* End PBXVariantGroup section */

/* Begin XCBuildConfiguration section */
		1E2B065F24BF6004002B26AD /* Debug */ = {
			isa = XCBuildConfiguration;
			buildSettings = {
				ALWAYS_SEARCH_USER_PATHS = NO;
				CLANG_ANALYZER_NONNULL = YES;
				CLANG_ANALYZER_NUMBER_OBJECT_CONVERSION = YES_AGGRESSIVE;
				CLANG_CXX_LANGUAGE_STANDARD = "gnu++14";
				CLANG_CXX_LIBRARY = "libc++";
				CLANG_ENABLE_MODULES = YES;
				CLANG_ENABLE_OBJC_ARC = YES;
				CLANG_ENABLE_OBJC_WEAK = YES;
				CLANG_WARN_BLOCK_CAPTURE_AUTORELEASING = YES;
				CLANG_WARN_BOOL_CONVERSION = YES;
				CLANG_WARN_COMMA = YES;
				CLANG_WARN_CONSTANT_CONVERSION = YES;
				CLANG_WARN_DEPRECATED_OBJC_IMPLEMENTATIONS = YES;
				CLANG_WARN_DIRECT_OBJC_ISA_USAGE = YES_ERROR;
				CLANG_WARN_DOCUMENTATION_COMMENTS = YES;
				CLANG_WARN_EMPTY_BODY = YES;
				CLANG_WARN_ENUM_CONVERSION = YES;
				CLANG_WARN_INFINITE_RECURSION = YES;
				CLANG_WARN_INT_CONVERSION = YES;
				CLANG_WARN_NON_LITERAL_NULL_CONVERSION = YES;
				CLANG_WARN_OBJC_IMPLICIT_RETAIN_SELF = YES;
				CLANG_WARN_OBJC_LITERAL_CONVERSION = YES;
				CLANG_WARN_OBJC_ROOT_CLASS = YES_ERROR;
				CLANG_WARN_RANGE_LOOP_ANALYSIS = YES;
				CLANG_WARN_STRICT_PROTOTYPES = YES;
				CLANG_WARN_SUSPICIOUS_MOVE = YES;
				CLANG_WARN_UNGUARDED_AVAILABILITY = YES_AGGRESSIVE;
				CLANG_WARN_UNREACHABLE_CODE = YES;
				CLANG_WARN__DUPLICATE_METHOD_MATCH = YES;
				COPY_PHASE_STRIP = NO;
				DEBUG_INFORMATION_FORMAT = dwarf;
				ENABLE_STRICT_OBJC_MSGSEND = YES;
				ENABLE_TESTABILITY = YES;
				GCC_C_LANGUAGE_STANDARD = gnu11;
				GCC_DYNAMIC_NO_PIC = NO;
				GCC_NO_COMMON_BLOCKS = YES;
				GCC_OPTIMIZATION_LEVEL = 0;
				GCC_PREPROCESSOR_DEFINITIONS = (
					"DEBUG=1",
					"$(inherited)",
				);
				GCC_WARN_64_TO_32_BIT_CONVERSION = YES;
				GCC_WARN_ABOUT_RETURN_TYPE = YES_ERROR;
				GCC_WARN_UNDECLARED_SELECTOR = YES;
				GCC_WARN_UNINITIALIZED_AUTOS = YES_AGGRESSIVE;
				GCC_WARN_UNUSED_FUNCTION = YES;
				GCC_WARN_UNUSED_VARIABLE = YES;
				IPHONEOS_DEPLOYMENT_TARGET = 13.5;
				MTL_ENABLE_DEBUG_INFO = INCLUDE_SOURCE;
				MTL_FAST_MATH = YES;
				ONLY_ACTIVE_ARCH = YES;
				SDKROOT = iphoneos;
				SWIFT_ACTIVE_COMPILATION_CONDITIONS = DEBUG;
				SWIFT_OPTIMIZATION_LEVEL = "-Onone";
			};
			name = Debug;
		};
		1E2B066024BF6004002B26AD /* Release */ = {
			isa = XCBuildConfiguration;
			buildSettings = {
				ALWAYS_SEARCH_USER_PATHS = NO;
				CLANG_ANALYZER_NONNULL = YES;
				CLANG_ANALYZER_NUMBER_OBJECT_CONVERSION = YES_AGGRESSIVE;
				CLANG_CXX_LANGUAGE_STANDARD = "gnu++14";
				CLANG_CXX_LIBRARY = "libc++";
				CLANG_ENABLE_MODULES = YES;
				CLANG_ENABLE_OBJC_ARC = YES;
				CLANG_ENABLE_OBJC_WEAK = YES;
				CLANG_WARN_BLOCK_CAPTURE_AUTORELEASING = YES;
				CLANG_WARN_BOOL_CONVERSION = YES;
				CLANG_WARN_COMMA = YES;
				CLANG_WARN_CONSTANT_CONVERSION = YES;
				CLANG_WARN_DEPRECATED_OBJC_IMPLEMENTATIONS = YES;
				CLANG_WARN_DIRECT_OBJC_ISA_USAGE = YES_ERROR;
				CLANG_WARN_DOCUMENTATION_COMMENTS = YES;
				CLANG_WARN_EMPTY_BODY = YES;
				CLANG_WARN_ENUM_CONVERSION = YES;
				CLANG_WARN_INFINITE_RECURSION = YES;
				CLANG_WARN_INT_CONVERSION = YES;
				CLANG_WARN_NON_LITERAL_NULL_CONVERSION = YES;
				CLANG_WARN_OBJC_IMPLICIT_RETAIN_SELF = YES;
				CLANG_WARN_OBJC_LITERAL_CONVERSION = YES;
				CLANG_WARN_OBJC_ROOT_CLASS = YES_ERROR;
				CLANG_WARN_RANGE_LOOP_ANALYSIS = YES;
				CLANG_WARN_STRICT_PROTOTYPES = YES;
				CLANG_WARN_SUSPICIOUS_MOVE = YES;
				CLANG_WARN_UNGUARDED_AVAILABILITY = YES_AGGRESSIVE;
				CLANG_WARN_UNREACHABLE_CODE = YES;
				CLANG_WARN__DUPLICATE_METHOD_MATCH = YES;
				COPY_PHASE_STRIP = NO;
				DEBUG_INFORMATION_FORMAT = "dwarf-with-dsym";
				ENABLE_NS_ASSERTIONS = NO;
				ENABLE_STRICT_OBJC_MSGSEND = YES;
				GCC_C_LANGUAGE_STANDARD = gnu11;
				GCC_NO_COMMON_BLOCKS = YES;
				GCC_WARN_64_TO_32_BIT_CONVERSION = YES;
				GCC_WARN_ABOUT_RETURN_TYPE = YES_ERROR;
				GCC_WARN_UNDECLARED_SELECTOR = YES;
				GCC_WARN_UNINITIALIZED_AUTOS = YES_AGGRESSIVE;
				GCC_WARN_UNUSED_FUNCTION = YES;
				GCC_WARN_UNUSED_VARIABLE = YES;
				IPHONEOS_DEPLOYMENT_TARGET = 13.5;
				MTL_ENABLE_DEBUG_INFO = NO;
				MTL_FAST_MATH = YES;
				SDKROOT = iphoneos;
				SWIFT_COMPILATION_MODE = wholemodule;
				SWIFT_OPTIMIZATION_LEVEL = "-O";
				VALIDATE_PRODUCT = YES;
			};
			name = Release;
		};
		1E2B066224BF6004002B26AD /* Debug */ = {
			isa = XCBuildConfiguration;
			buildSettings = {
				ASSETCATALOG_COMPILER_APPICON_NAME = AppIcon;
				CODE_SIGN_STYLE = Automatic;
				DEVELOPMENT_ASSET_PATHS = "\"notes/Preview Content\"";
				DEVELOPMENT_TEAM = 28LZ2Y9Q6R;
				ENABLE_PREVIEWS = YES;
				INFOPLIST_FILE = notes/Info.plist;
				LD_RUNPATH_SEARCH_PATHS = (
					"$(inherited)",
					"@executable_path/Frameworks",
				);
				PRODUCT_BUNDLE_IDENTIFIER = com.davidrozmajzl.notes;
				PRODUCT_NAME = "$(TARGET_NAME)";
				SWIFT_VERSION = 5.0;
				TARGETED_DEVICE_FAMILY = "1,2";
			};
			name = Debug;
		};
		1E2B066324BF6004002B26AD /* Release */ = {
			isa = XCBuildConfiguration;
			buildSettings = {
				ASSETCATALOG_COMPILER_APPICON_NAME = AppIcon;
				CODE_SIGN_STYLE = Automatic;
				DEVELOPMENT_ASSET_PATHS = "\"notes/Preview Content\"";
				DEVELOPMENT_TEAM = 28LZ2Y9Q6R;
				ENABLE_PREVIEWS = YES;
				INFOPLIST_FILE = notes/Info.plist;
				LD_RUNPATH_SEARCH_PATHS = (
					"$(inherited)",
					"@executable_path/Frameworks",
				);
				PRODUCT_BUNDLE_IDENTIFIER = com.davidrozmajzl.notes;
				PRODUCT_NAME = "$(TARGET_NAME)";
				SWIFT_VERSION = 5.0;
				TARGETED_DEVICE_FAMILY = "1,2";
			};
			name = Release;
		};
/* End XCBuildConfiguration section */

/* Begin XCConfigurationList section */
		1E2B064524BF6003002B26AD /* Build configuration list for PBXProject "notes" */ = {
			isa = XCConfigurationList;
			buildConfigurations = (
				1E2B065F24BF6004002B26AD /* Debug */,
				1E2B066024BF6004002B26AD /* Release */,
			);
			defaultConfigurationIsVisible = 0;
			defaultConfigurationName = Release;
		};
		1E2B066124BF6004002B26AD /* Build configuration list for PBXNativeTarget "notes" */ = {
			isa = XCConfigurationList;
			buildConfigurations = (
				1E2B066224BF6004002B26AD /* Debug */,
				1E2B066324BF6004002B26AD /* Release */,
			);
			defaultConfigurationIsVisible = 0;
			defaultConfigurationName = Release;
		};
/* End XCConfigurationList section */

/* Begin XCVersionGroup section */
		1E2B065124BF6003002B26AD /* notes.xcdatamodeld */ = {
			isa = XCVersionGroup;
			children = (
				1E2B065224BF6003002B26AD /* notes.xcdatamodel */,
			);
			currentVersion = 1E2B065224BF6003002B26AD /* notes.xcdatamodel */;
			path = notes.xcdatamodeld;
			sourceTree = "<group>";
			versionGroupType = wrapper.xcdatamodel;
		};
/* End XCVersionGroup section */
	};
	rootObject = 1E2B064224BF6003002B26AD /* Project object */;
}
